
Microsoft Visual Studio Solution File, Format Version 12.00
# Visual Studio 14
VisualStudioVersion = 14.0.24720.0
MinimumVisualStudioVersion = 10.0.40219.1
Project("{FAE04EC0-301F-11D3-BF4B-00C04F79EFBC}") = "CST356FinalProject", "Lab_01_Ian_Gesner\CST356FinalProject.csproj", "{3EC647B0-C230-4743-A1FA-E3DAE771F055}"
EndProject
Project("{FAE04EC0-301F-11D3-BF4B-00C04F79EFBC}") = "CST356FinalProject_Tests", "Lab_01_Tests\CST356FinalProject_Tests.csproj", "{84E0CB63-4839-41FF-A34D-52292A219DFE}"
EndProject
Project("{FAE04EC0-301F-11D3-BF4B-00C04F79EFBC}") = "FinalService", "FinalService\FinalService.csproj", "{4C7F4A18-AFEB-46B9-AF08-BD5736AD285B}"
EndProject
Global
	GlobalSection(SolutionConfigurationPlatforms) = preSolution
		Debug|Any CPU = Debug|Any CPU
		Release|Any CPU = Release|Any CPU
	EndGlobalSection
	GlobalSection(ProjectConfigurationPlatforms) = postSolution
		{3EC647B0-C230-4743-A1FA-E3DAE771F055}.Debug|Any CPU.ActiveCfg = Debug|Any CPU
		{3EC647B0-C230-4743-A1FA-E3DAE771F055}.Debug|Any CPU.Build.0 = Debug|Any CPU
		{3EC647B0-C230-4743-A1FA-E3DAE771F055}.Release|Any CPU.ActiveCfg = Release|Any CPU
		{3EC647B0-C230-4743-A1FA-E3DAE771F055}.Release|Any CPU.Build.0 = Release|Any CPU
		{84E0CB63-4839-41FF-A34D-52292A219DFE}.Debug|Any CPU.ActiveCfg = Debug|Any CPU
		{84E0CB63-4839-41FF-A34D-52292A219DFE}.Debug|Any CPU.Build.0 = Debug|Any CPU
		{84E0CB63-4839-41FF-A34D-52292A219DFE}.Release|Any CPU.ActiveCfg = Release|Any CPU
		{84E0CB63-4839-41FF-A34D-52292A219DFE}.Release|Any CPU.Build.0 = Release|Any CPU
		{4C7F4A18-AFEB-46B9-AF08-BD5736AD285B}.Debug|Any CPU.ActiveCfg = Debug|Any CPU
		{4C7F4A18-AFEB-46B9-AF08-BD5736AD285B}.Debug|Any CPU.Build.0 = Debug|Any CPU
		{4C7F4A18-AFEB-46B9-AF08-BD5736AD285B}.Release|Any CPU.ActiveCfg = Release|Any CPU
		{4C7F4A18-AFEB-46B9-AF08-BD5736AD285B}.Release|Any CPU.Build.0 = Release|Any CPU
	EndGlobalSection
	GlobalSection(SolutionProperties) = preSolution
		HideSolutionNode = FALSE
	EndGlobalSection
EndGlobal
